
Microsoft Visual Studio Solution File, Format Version 12.00
# Visual Studio 15
VisualStudioVersion = 15.0.25928.0
MinimumVisualStudioVersion = 10.0.40219.1
Project("{FAE04EC0-301F-11D3-BF4B-00C04F79EFBC}") = "CustomerLib", "CustomerLib\CustomerLib.csproj", "{2BF55398-C095-42CB-92E9-BE5FC55FDDB2}"
EndProject
Project("{FAE04EC0-301F-11D3-BF4B-00C04F79EFBC}") = "CustomerApp", "CustomerApp\CustomerApp.csproj", "{9CBD6464-E652-461F-B3CB-4771665FD8E7}"
EndProject
Global
	GlobalSection(SolutionConfigurationPlatforms) = preSolution
		Debug|Any CPU = Debug|Any CPU
		Release|Any CPU = Release|Any CPU
	EndGlobalSection
	GlobalSection(ProjectConfigurationPlatforms) = postSolution
		{2BF55398-C095-42CB-92E9-BE5FC55FDDB2}.Debug|Any CPU.ActiveCfg = Debug|Any CPU
		{2BF55398-C095-42CB-92E9-BE5FC55FDDB2}.Debug|Any CPU.Build.0 = Debug|Any CPU
		{2BF55398-C095-42CB-92E9-BE5FC55FDDB2}.Release|Any CPU.ActiveCfg = Release|Any CPU
		{2BF55398-C095-42CB-92E9-BE5FC55FDDB2}.Release|Any CPU.Build.0 = Release|Any CPU
		{9CBD6464-E652-461F-B3CB-4771665FD8E7}.Debug|Any CPU.ActiveCfg = Debug|Any CPU
		{9CBD6464-E652-461F-B3CB-4771665FD8E7}.Debug|Any CPU.Build.0 = Debug|Any CPU
		{9CBD6464-E652-461F-B3CB-4771665FD8E7}.Release|Any CPU.ActiveCfg = Release|Any CPU
		{9CBD6464-E652-461F-B3CB-4771665FD8E7}.Release|Any CPU.Build.0 = Release|Any CPU
	EndGlobalSection
	GlobalSection(SolutionProperties) = preSolution
		HideSolutionNode = FALSE
	EndGlobalSection
EndGlobal
